{
    "version": 3,
    "terraform_version": "0.9.4",
    "serial": 54,
    "lineage": "97c80233-ace5-4d25-8953-1d3be955dcda",
    "modules": [
        {
            "path": [
                "root"
            ],
            "outputs": {},
            "resources": {
                "aws_instance.ec2_instance_test_buffer_log": {
                    "type": "aws_instance",
                    "depends_on": [
                        "aws_key_pair.aws_test_1",
                        "aws_security_group.aws_test_1"
                    ],
                    "primary": {
                        "id": "i-007a3c263cba4cbf3",
                        "attributes": {
                            "ami": "ami-16b26c79",
                            "associate_public_ip_address": "true",
                            "availability_zone": "eu-central-1b",
                            "disable_api_termination": "false",
                            "ebs_block_device.#": "0",
                            "ebs_optimized": "false",
                            "ephemeral_block_device.#": "0",
                            "iam_instance_profile": "",
                            "id": "i-007a3c263cba4cbf3",
                            "instance_state": "running",
                            "instance_type": "t2.micro",
                            "ipv6_address_count": "0",
                            "ipv6_addresses.#": "0",
                            "key_name": "aws_test_1",
                            "monitoring": "false",
                            "network_interface.#": "0",
                            "network_interface_id": "eni-427b693c",
                            "primary_network_interface_id": "eni-427b693c",
                            "private_dns": "ip-172-31-26-226.eu-central-1.compute.internal",
                            "private_ip": "172.31.26.226",
                            "public_dns": "ec2-52-57-12-125.eu-central-1.compute.amazonaws.com",
                            "public_ip": "52.57.12.125",
                            "root_block_device.#": "1",
                            "root_block_device.0.delete_on_termination": "true",
                            "root_block_device.0.iops": "100",
                            "root_block_device.0.volume_size": "8",
                            "root_block_device.0.volume_type": "gp2",
                            "security_groups.#": "0",
                            "source_dest_check": "true",
                            "subnet_id": "subnet-e1412a9a",
                            "tags.%": "0",
                            "tenancy": "default",
                            "volume_tags.%": "0",
                            "vpc_security_group_ids.#": "1",
                            "vpc_security_group_ids.4134031539": "sg-a758d6cc"
                        },
                        "meta": {
                            "schema_version": "1"
                        },
                        "tainted": false
                    },
                    "deposed": [],
                    "provider": ""
                },
                "aws_key_pair.aws_test_1": {
                    "type": "aws_key_pair",
                    "depends_on": [],
                    "primary": {
                        "id": "aws_test_1",
                        "attributes": {
                            "id": "aws_test_1",
                            "key_name": "aws_test_1",
                            "public_key": "ssh-rsa AAAAB3NzaC1yc2EAAAADAQABAAABAQChCHH2FmUt5Hq0TsiKNX2K/gIwx4AdAOVhC3nui0Q1Mc4reohUCAFGbk//0MRp+0lYwWLlCPDRWoIJ6D/6UGCvMmKtPBuKzHJItHKPSrOPlFl66gUrRcdPWTrwS0eEkPMFPoqoiOmztf0pRoZ/O3jbWEEL1oRDrlbBXZ8on31y/2RmRpOBVRChoOPTTS8sLKGr8t8ueWFuNzCxo8hO11ZqU1MyE9bgUMCh+b86zj7iSm4hbbLXZ+ueL3zwk5fkuC4rXyno5Mf4Q/yjVWhe6PpaV6dmJQghNkmZLFKPS+2Yf2TfYEfMfPHuaANCoMr8HVSLEVANTNzOZZCWxj+kJjlZ josef@JosefMayer-PC"
                        },
                        "meta": {
                            "schema_version": "1"
                        },
                        "tainted": false
                    },
                    "deposed": [],
                    "provider": ""
                },
                "aws_security_group.aws_test_1": {
                    "type": "aws_security_group",
                    "depends_on": [],
                    "primary": {
                        "id": "sg-a758d6cc",
                        "attributes": {
                            "description": "Used in the terraform",
                            "egress.#": "2",
                            "egress.2214680975.cidr_blocks.#": "1",
                            "egress.2214680975.cidr_blocks.0": "0.0.0.0/0",
                            "egress.2214680975.from_port": "80",
                            "egress.2214680975.ipv6_cidr_blocks.#": "0",
                            "egress.2214680975.prefix_list_ids.#": "0",
                            "egress.2214680975.protocol": "tcp",
                            "egress.2214680975.security_groups.#": "0",
                            "egress.2214680975.self": "false",
                            "egress.2214680975.to_port": "80",
                            "egress.482069346.cidr_blocks.#": "1",
                            "egress.482069346.cidr_blocks.0": "0.0.0.0/0",
                            "egress.482069346.from_port": "0",
                            "egress.482069346.ipv6_cidr_blocks.#": "0",
                            "egress.482069346.prefix_list_ids.#": "0",
                            "egress.482069346.protocol": "-1",
                            "egress.482069346.security_groups.#": "0",
                            "egress.482069346.self": "false",
                            "egress.482069346.to_port": "0",
                            "id": "sg-a758d6cc",
                            "ingress.#": "1",
                            "ingress.2541437006.cidr_blocks.#": "1",
                            "ingress.2541437006.cidr_blocks.0": "0.0.0.0/0",
                            "ingress.2541437006.from_port": "22",
                            "ingress.2541437006.ipv6_cidr_blocks.#": "0",
                            "ingress.2541437006.protocol": "tcp",
                            "ingress.2541437006.security_groups.#": "0",
                            "ingress.2541437006.self": "false",
                            "ingress.2541437006.to_port": "22",
                            "name": "aws_test_1",
                            "owner_id": "004825582214",
                            "tags.%": "0",
                            "vpc_id": "vpc-9c5925f5"
                        },
                        "meta": {},
                        "tainted": false
                    },
                    "deposed": [],
                    "provider": ""
                }
            },
            "depends_on": []
        }
    ]
}
