{
    "version": 3,
    "terraform_version": "0.9.4",
    "serial": 26,
    "lineage": "97c80233-ace5-4d25-8953-1d3be955dcda",
    "modules": [
        {
            "path": [
                "root"
            ],
            "outputs": {},
            "resources": {
                "aws_instance.ec2_instance_test_buffer": {
                    "type": "aws_instance",
                    "depends_on": [
                        "aws_key_pair.aws_test",
                        "aws_security_group.aws_test"
                    ],
                    "primary": {
                        "id": "i-0749ee6cf3e47d702",
                        "attributes": {
                            "ami": "ami-16b26c79",
                            "associate_public_ip_address": "true",
                            "availability_zone": "eu-central-1b",
                            "disable_api_termination": "false",
                            "ebs_block_device.#": "0",
                            "ebs_optimized": "false",
                            "ephemeral_block_device.#": "0",
                            "iam_instance_profile": "",
                            "id": "i-0749ee6cf3e47d702",
                            "instance_state": "running",
                            "instance_type": "t2.micro",
                            "ipv6_address_count": "0",
                            "ipv6_addresses.#": "0",
                            "key_name": "aws_test",
                            "monitoring": "false",
                            "network_interface.#": "0",
                            "network_interface_id": "eni-5b2a3b25",
                            "primary_network_interface_id": "eni-5b2a3b25",
                            "private_dns": "ip-172-31-18-82.eu-central-1.compute.internal",
                            "private_ip": "172.31.18.82",
                            "public_dns": "ec2-35-157-58-98.eu-central-1.compute.amazonaws.com",
                            "public_ip": "35.157.58.98",
                            "root_block_device.#": "1",
                            "root_block_device.0.delete_on_termination": "true",
                            "root_block_device.0.iops": "100",
                            "root_block_device.0.volume_size": "8",
                            "root_block_device.0.volume_type": "gp2",
                            "security_groups.#": "0",
                            "source_dest_check": "true",
                            "subnet_id": "subnet-e1412a9a",
                            "tags.%": "0",
                            "tenancy": "default",
                            "volume_tags.%": "0",
                            "vpc_security_group_ids.#": "1",
                            "vpc_security_group_ids.3224783261": "sg-11ac237a"
                        },
                        "meta": {
                            "schema_version": "1"
                        },
                        "tainted": false
                    },
                    "deposed": [],
                    "provider": ""
                },
                "aws_key_pair.aws_test": {
                    "type": "aws_key_pair",
                    "depends_on": [],
                    "primary": {
                        "id": "aws_test",
                        "attributes": {
                            "id": "aws_test",
                            "key_name": "aws_test",
                            "public_key": "ssh-rsa AAAAB3NzaC1yc2EAAAADAQABAAABAQDHXJBPqx6sVOfeZCjpTkf0ZJUYS28fmSk0YB/mFLwEewl5PtmNZGNyhiUJoYlL9W8AUqYVs0CGZauhUvpFA/DuQLuvDBRiRjTMsk1RgsB5YsHTeOfQub/2ZnVc4/6Y2Q8RdGyyN/LGqDEXMimt2kzZtlxqCH8ULZtW/6E2pPKdQOurs1l5h9yTOZAGc12J4pbkFu86SgTlWPTUbeV3AvezwQEaHz8XgGQ0voQzShLjwBmxxBajBt/Jwrp8AYGKN//1xhve+vRlW6hellwvttOZaNk3F+x8WMdRT0N9riVfieYYwGUgtvznhe8or1DiTU3s5G5MLBafvDwbD0LYraM5 josef@JosefMayer-PC"
                        },
                        "meta": {
                            "schema_version": "1"
                        },
                        "tainted": false
                    },
                    "deposed": [],
                    "provider": ""
                },
                "aws_security_group.aws_test": {
                    "type": "aws_security_group",
                    "depends_on": [],
                    "primary": {
                        "id": "sg-11ac237a",
                        "attributes": {
                            "description": "Used in the terraform",
                            "egress.#": "2",
                            "egress.2214680975.cidr_blocks.#": "1",
                            "egress.2214680975.cidr_blocks.0": "0.0.0.0/0",
                            "egress.2214680975.from_port": "80",
                            "egress.2214680975.ipv6_cidr_blocks.#": "0",
                            "egress.2214680975.prefix_list_ids.#": "0",
                            "egress.2214680975.protocol": "tcp",
                            "egress.2214680975.security_groups.#": "0",
                            "egress.2214680975.self": "false",
                            "egress.2214680975.to_port": "80",
                            "egress.482069346.cidr_blocks.#": "1",
                            "egress.482069346.cidr_blocks.0": "0.0.0.0/0",
                            "egress.482069346.from_port": "0",
                            "egress.482069346.ipv6_cidr_blocks.#": "0",
                            "egress.482069346.prefix_list_ids.#": "0",
                            "egress.482069346.protocol": "-1",
                            "egress.482069346.security_groups.#": "0",
                            "egress.482069346.self": "false",
                            "egress.482069346.to_port": "0",
                            "id": "sg-11ac237a",
                            "ingress.#": "1",
                            "ingress.2541437006.cidr_blocks.#": "1",
                            "ingress.2541437006.cidr_blocks.0": "0.0.0.0/0",
                            "ingress.2541437006.from_port": "22",
                            "ingress.2541437006.ipv6_cidr_blocks.#": "0",
                            "ingress.2541437006.protocol": "tcp",
                            "ingress.2541437006.security_groups.#": "0",
                            "ingress.2541437006.self": "false",
                            "ingress.2541437006.to_port": "22",
                            "name": "aws_test",
                            "owner_id": "004825582214",
                            "tags.%": "0",
                            "vpc_id": "vpc-9c5925f5"
                        },
                        "meta": {},
                        "tainted": false
                    },
                    "deposed": [],
                    "provider": ""
                }
            },
            "depends_on": []
        }
    ]
}
